<?xml version="1.0" encoding="UTF-8" standalone="yes" ?>
<CodeBlocks_project_file>
	<FileVersion major="1" minor="6" />
	<Project>
		<Option title="4EV_Entry" />
		<Option pch_mode="2" />
		<Option compiler="gcc" />
		<Build>
			<Target title="Debug">
				<Option output="build\4EV_Entry" prefix_auto="1" extension_auto="1" />
				<Option working_dir="build\" />
				<Option object_output="build\debug\obj\" />
				<Option type="0" />
				<Option compiler="gcc" />
				<Compiler>
					<Add option="-g" />
				</Compiler>
			</Target>
			<Target title="Release">
				<Option output="build\4EV_Entry" prefix_auto="1" extension_auto="1" />
				<Option object_output="build\obj\" />
				<Option type="0" />
				<Option compiler="gcc" />
				<Compiler>
					<Add option="-march=pentium3" />
					<Add option="-O2" />
				</Compiler>
				<Linker>
					<Add option="-s" />
				</Linker>
			</Target>
		</Build>
		<Compiler>
			<Add option="-Wall" />
			<Add directory="include" />
			<Add directory="include\hge" />
			<Add directory="include\allegro" />
			<Add directory="include\lua" />
			<Add directory="include\chipmunk" />
		</Compiler>
		<Linker>
			<Add library="lib\libhgehelp.a" />
			<Add library="lib\libhge.a" />
			<Add library="lib\liblualib.a" />
			<Add library="lib\libChipmunk_d.a" />
			<Add library="lib\liblua.a" />
			<Add directory="lib" />
		</Linker>
		<Unit filename="include\GameAnimation.h" />
		<Unit filename="include\GameEntity.h" />
		<Unit filename="include\GameWorld.h" />
		<Unit filename="include\Input.h" />
		<Unit filename="include\LuaVM.h" />
		<Unit filename="include\ResourceManager.h" />
		<Unit filename="include\System.h" />
		<Unit filename="include\lua_utils.h" />
		<Unit filename="include\main.h" />
		<Unit filename="include\mapnodes.h" />
		<Unit filename="include\utils.h" />
		<Unit filename="include\vector.h" />
		<Unit filename="src\GameAnimation.cpp" />
		<Unit filename="src\GameEntity.cpp" />
		<Unit filename="src\GameWorld.cpp" />
		<Unit filename="src\Input.cpp" />
		<Unit filename="src\LuaVM.cpp" />
		<Unit filename="src\ResourceManager.cpp" />
		<Unit filename="src\System.cpp" />
		<Unit filename="src\lua_utils.cpp" />
		<Unit filename="src\main.cpp" />
		<Unit filename="src\utils.cpp" />
		<Unit filename="src\vector.cpp" />
		<Extensions>
			<code_completion />
			<envvars />
			<debugger />
			<lib_finder />
		</Extensions>
	</Project>
</CodeBlocks_project_file>
