<?xml version="1.0" encoding="UTF-8" standalone="yes" ?>
<CodeBlocks_project_file>
	<FileVersion major="1" minor="6" />
	<Project>
		<Option title="MGame" />
		<Option pch_mode="2" />
		<Option default_target="Release" />
		<Option compiler="gcc" />
		<Build>
			<Target title="Debug">
				<Option output="build\mgame_d" prefix_auto="1" extension_auto="1" />
				<Option working_dir="build\" />
				<Option object_output="build\debug\obj\" />
				<Option type="0" />
				<Option compiler="gcc" />
				<Compiler>
					<Add option="-pg" />
					<Add option="-g" />
				</Compiler>
				<Linker>
					<Add option="-pg -lgmon" />
				</Linker>
			</Target>
			<Target title="Release">
				<Option output="build\mgame" prefix_auto="1" extension_auto="1" />
				<Option working_dir="build\" />
				<Option object_output="build\obj\" />
				<Option type="0" />
				<Option compiler="gcc" />
				<Compiler>
					<Add option="-march=pentium-m" />
					<Add option="-O2" />
				</Compiler>
				<Linker>
					<Add option="-s" />
				</Linker>
			</Target>
		</Build>
		<Compiler>
			<Add option="-Wall" />
			<Add directory="include" />
			<Add directory="lib\cfl" />
			<Add directory="lib\chipmunk" />
			<Add directory="lib\sdl" />
			<Add directory="lib\zlib" />
			<Add directory="lib\sge" />
			<Add directory="lib\guichan" />
			<Add directory="lib\guichan\sdl" />
			<Add directory="lib" />
		</Compiler>
		<Linker>
			<Add library="mingw32" />
			<Add library="lib\liblualib.a" />
			<Add library="lib\libChipmunk_d.a" />
			<Add library="lib\liblua.a" />
			<Add library="lib\libBox2d.a" />
			<Add library="lib\libSDLmain.a" />
			<Add library="lib\libSDL.dll.a" />
			<Add library="lib\zdll.lib" />
			<Add library="lib\libSGE.a" />
			<Add library="lib\SDL_image.lib" />
			<Add library="opengl32" />
			<Add directory="lib" />
		</Linker>
		<Unit filename="build\__game.lua" />
		<Unit filename="build\stdout.txt" />
		<Unit filename="include\ApplicationBase.h" />
		<Unit filename="include\GameAnimation.h" />
		<Unit filename="include\GameEntity.h" />
		<Unit filename="include\GameWorld.h" />
		<Unit filename="include\Graphics.h" />
		<Unit filename="include\Input.h" />
		<Unit filename="include\LuaVM.h" />
		<Unit filename="include\ResourceManager.h" />
		<Unit filename="include\System.h" />
		<Unit filename="include\VariableMap.h" />
		<Unit filename="include\lua_utils.h" />
		<Unit filename="include\main.h" />
		<Unit filename="include\mapnodes.h" />
		<Unit filename="include\utils.h" />
		<Unit filename="include\vector.h" />
		<Unit filename="lib\cfl\CFL.cpp" />
		<Unit filename="lib\cfl\CFL.h" />
		<Unit filename="lib\cfl\CFLDirectoryEntry.cpp" />
		<Unit filename="lib\cfl\CFLDirectoryEntry.h" />
		<Unit filename="lib\cfl\CFLEnumerator.h" />
		<Unit filename="lib\cfl\CFLEnums.h" />
		<Unit filename="lib\cfl\CFLLibrary.cpp" />
		<Unit filename="lib\cfl\CFLLibrary.h" />
		<Unit filename="lib\cfl\CFLMaker.cpp" />
		<Unit filename="lib\cfl\CFLMaker.h" />
		<Unit filename="lib\cfl\CFLResource.cpp" />
		<Unit filename="lib\cfl\CFLResource.h" />
		<Unit filename="lib\cfl\CFLResourceFilter.cpp" />
		<Unit filename="lib\cfl\CFLResourceFilter.h" />
		<Unit filename="lib\cfl\CFL_delta16.cpp" />
		<Unit filename="lib\cfl\CFL_delta32.cpp" />
		<Unit filename="lib\cfl\CFL_delta8.cpp" />
		<Unit filename="lib\cfl\CFL_none.cpp" />
		<Unit filename="lib\cfl\CFL_zlib.cpp" />
		<Unit filename="lib\sge\sge.h" />
		<Unit filename="lib\sge\sge_blib.h" />
		<Unit filename="lib\sge\sge_bm_text.h" />
		<Unit filename="lib\sge\sge_collision.h" />
		<Unit filename="lib\sge\sge_config.h" />
		<Unit filename="lib\sge\sge_internal.h" />
		<Unit filename="lib\sge\sge_misc.h" />
		<Unit filename="lib\sge\sge_primitives.h" />
		<Unit filename="lib\sge\sge_rotation.h" />
		<Unit filename="lib\sge\sge_shape.h" />
		<Unit filename="lib\sge\sge_surface.h" />
		<Unit filename="lib\sge\sge_textpp.h" />
		<Unit filename="lib\sge\sge_tt_text.h" />
		<Unit filename="src\ApplicationBase.cpp" />
		<Unit filename="src\GameAnimation.cpp" />
		<Unit filename="src\GameEntity.cpp" />
		<Unit filename="src\GameWorld.cpp" />
		<Unit filename="src\Graphics.cpp" />
		<Unit filename="src\Input.cpp" />
		<Unit filename="src\LuaVM.cpp" />
		<Unit filename="src\ResourceManager.cpp" />
		<Unit filename="src\System.cpp" />
		<Unit filename="src\VariableMap.cpp" />
		<Unit filename="src\gfx_utils.cpp" />
		<Unit filename="src\lua_utils.cpp" />
		<Unit filename="src\main.cpp" />
		<Unit filename="src\utils.cpp" />
		<Unit filename="src\vector.cpp" />
		<Extensions>
			<code_completion />
			<envvars />
			<debugger />
		</Extensions>
	</Project>
</CodeBlocks_project_file>
